
Microsoft Visual Studio Solution File, Format Version 12.00
# Visual Studio 15
VisualStudioVersion = 15.0.27004.2005
MinimumVisualStudioVersion = 10.0.40219.1
Project("{2150E333-8FDC-42A3-9474-1A3956D46DE8}") = "Main", "Main", "{A0D24CE1-EE2E-4FEE-9283-5DB396FC682A}"
EndProject
Project("{2150E333-8FDC-42A3-9474-1A3956D46DE8}") = "Interface", "Interface", "{E415C343-4FD0-4812-BC40-58EE37DDC0B7}"
EndProject
Project("{2150E333-8FDC-42A3-9474-1A3956D46DE8}") = "Test", "Test", "{649F2989-3C9B-47BA-81AE-B38C830D75CA}"
EndProject
Project("{2150E333-8FDC-42A3-9474-1A3956D46DE8}") = "Build", "Build", "{990BCED9-A674-4D51-A33B-E2553CE1A3B0}"
	ProjectSection(SolutionItems) = preProject
		..\build\build.ps1 = ..\build\build.ps1
		..\build\MQTTClientRx.nuspec = ..\build\MQTTClientRx.nuspec
		..\build\publish.ps1 = ..\build\publish.ps1
		..\build\publishLocal.ps1 = ..\build\publishLocal.ps1
	EndProjectSection
EndProject
Project("{2150E333-8FDC-42A3-9474-1A3956D46DE8}") = "GitHub", "GitHub", "{61B0A133-C42A-4F94-82DF-1C3C3F703761}"
	ProjectSection(SolutionItems) = preProject
		..\..\LICENSE.md = ..\..\LICENSE.md
		..\..\README.md = ..\..\README.md
	EndProjectSection
EndProject
Project("{9A19103F-16F7-4668-BE54-9A1E7A4F7556}") = "IMQTTClientRx", "..\interface\IMQTTClient.rx\IMQTTClientRx.csproj", "{27FF1C81-7DF4-4A68-B169-A4F8BC9BC2D3}"
EndProject
Project("{9A19103F-16F7-4668-BE54-9A1E7A4F7556}") = "Test.Client.Core", "..\test\Test.Client.Core\Test.Client.Core.csproj", "{4B8E746E-A4B8-4F10-92C6-7F78C2665025}"
EndProject
Project("{FAE04EC0-301F-11D3-BF4B-00C04F79EFBC}") = "Test.Client.UWP", "..\test\Test.Client.UWP\Test.Client.UWP.csproj", "{136AFDDC-F08C-47C2-B415-7145EF52CD12}"
EndProject
Project("{FAE04EC0-301F-11D3-BF4B-00C04F79EFBC}") = "MQTTClientRx.UWP", "MQTTClientRx.UWP\MQTTClientRx.UWP.csproj", "{BB5CA5DB-4A55-4334-B668-A90A7CA27BC3}"
EndProject
Project("{9A19103F-16F7-4668-BE54-9A1E7A4F7556}") = "MQTTClientRx.netstandard20", "MQTTClientRx.netstandard20\MQTTClientRx.netstandard20.csproj", "{A7315069-9983-4EDA-AF88-77742A7498E7}"
EndProject
Global
	GlobalSection(SolutionConfigurationPlatforms) = preSolution
		Any CPU|Any CPU = Any CPU|Any CPU
		Any CPU|ARM = Any CPU|ARM
		Any CPU|x64 = Any CPU|x64
		Any CPU|x86 = Any CPU|x86
		Debug|Any CPU = Debug|Any CPU
		Debug|ARM = Debug|ARM
		Debug|x64 = Debug|x64
		Debug|x86 = Debug|x86
		Native|Any CPU = Native|Any CPU
		Native|ARM = Native|ARM
		Native|x64 = Native|x64
		Native|x86 = Native|x86
		Release|Any CPU = Release|Any CPU
		Release|ARM = Release|ARM
		Release|x64 = Release|x64
		Release|x86 = Release|x86
	EndGlobalSection
	GlobalSection(ProjectConfigurationPlatforms) = postSolution
		{27FF1C81-7DF4-4A68-B169-A4F8BC9BC2D3}.Any CPU|Any CPU.ActiveCfg = Release|Any CPU
		{27FF1C81-7DF4-4A68-B169-A4F8BC9BC2D3}.Any CPU|Any CPU.Build.0 = Release|Any CPU
		{27FF1C81-7DF4-4A68-B169-A4F8BC9BC2D3}.Any CPU|ARM.ActiveCfg = Release|Any CPU
		{27FF1C81-7DF4-4A68-B169-A4F8BC9BC2D3}.Any CPU|ARM.Build.0 = Release|Any CPU
		{27FF1C81-7DF4-4A68-B169-A4F8BC9BC2D3}.Any CPU|x64.ActiveCfg = Release|Any CPU
		{27FF1C81-7DF4-4A68-B169-A4F8BC9BC2D3}.Any CPU|x64.Build.0 = Release|Any CPU
		{27FF1C81-7DF4-4A68-B169-A4F8BC9BC2D3}.Any CPU|x86.ActiveCfg = Release|Any CPU
		{27FF1C81-7DF4-4A68-B169-A4F8BC9BC2D3}.Any CPU|x86.Build.0 = Release|Any CPU
		{27FF1C81-7DF4-4A68-B169-A4F8BC9BC2D3}.Debug|Any CPU.ActiveCfg = Debug|Any CPU
		{27FF1C81-7DF4-4A68-B169-A4F8BC9BC2D3}.Debug|Any CPU.Build.0 = Debug|Any CPU
		{27FF1C81-7DF4-4A68-B169-A4F8BC9BC2D3}.Debug|ARM.ActiveCfg = Debug|Any CPU
		{27FF1C81-7DF4-4A68-B169-A4F8BC9BC2D3}.Debug|ARM.Build.0 = Debug|Any CPU
		{27FF1C81-7DF4-4A68-B169-A4F8BC9BC2D3}.Debug|x64.ActiveCfg = Debug|Any CPU
		{27FF1C81-7DF4-4A68-B169-A4F8BC9BC2D3}.Debug|x64.Build.0 = Debug|Any CPU
		{27FF1C81-7DF4-4A68-B169-A4F8BC9BC2D3}.Debug|x86.ActiveCfg = Debug|Any CPU
		{27FF1C81-7DF4-4A68-B169-A4F8BC9BC2D3}.Debug|x86.Build.0 = Debug|Any CPU
		{27FF1C81-7DF4-4A68-B169-A4F8BC9BC2D3}.Native|Any CPU.ActiveCfg = Native|Any CPU
		{27FF1C81-7DF4-4A68-B169-A4F8BC9BC2D3}.Native|Any CPU.Build.0 = Native|Any CPU
		{27FF1C81-7DF4-4A68-B169-A4F8BC9BC2D3}.Native|ARM.ActiveCfg = Native|Any CPU
		{27FF1C81-7DF4-4A68-B169-A4F8BC9BC2D3}.Native|ARM.Build.0 = Native|Any CPU
		{27FF1C81-7DF4-4A68-B169-A4F8BC9BC2D3}.Native|x64.ActiveCfg = Native|Any CPU
		{27FF1C81-7DF4-4A68-B169-A4F8BC9BC2D3}.Native|x64.Build.0 = Native|Any CPU
		{27FF1C81-7DF4-4A68-B169-A4F8BC9BC2D3}.Native|x86.ActiveCfg = Native|Any CPU
		{27FF1C81-7DF4-4A68-B169-A4F8BC9BC2D3}.Native|x86.Build.0 = Native|Any CPU
		{27FF1C81-7DF4-4A68-B169-A4F8BC9BC2D3}.Release|Any CPU.ActiveCfg = Release|Any CPU
		{27FF1C81-7DF4-4A68-B169-A4F8BC9BC2D3}.Release|Any CPU.Build.0 = Release|Any CPU
		{27FF1C81-7DF4-4A68-B169-A4F8BC9BC2D3}.Release|ARM.ActiveCfg = Release|Any CPU
		{27FF1C81-7DF4-4A68-B169-A4F8BC9BC2D3}.Release|ARM.Build.0 = Release|Any CPU
		{27FF1C81-7DF4-4A68-B169-A4F8BC9BC2D3}.Release|x64.ActiveCfg = Release|Any CPU
		{27FF1C81-7DF4-4A68-B169-A4F8BC9BC2D3}.Release|x64.Build.0 = Release|Any CPU
		{27FF1C81-7DF4-4A68-B169-A4F8BC9BC2D3}.Release|x86.ActiveCfg = Release|Any CPU
		{27FF1C81-7DF4-4A68-B169-A4F8BC9BC2D3}.Release|x86.Build.0 = Release|Any CPU
		{4B8E746E-A4B8-4F10-92C6-7F78C2665025}.Any CPU|Any CPU.ActiveCfg = Release|Any CPU
		{4B8E746E-A4B8-4F10-92C6-7F78C2665025}.Any CPU|Any CPU.Build.0 = Release|Any CPU
		{4B8E746E-A4B8-4F10-92C6-7F78C2665025}.Any CPU|ARM.ActiveCfg = Release|Any CPU
		{4B8E746E-A4B8-4F10-92C6-7F78C2665025}.Any CPU|ARM.Build.0 = Release|Any CPU
		{4B8E746E-A4B8-4F10-92C6-7F78C2665025}.Any CPU|x64.ActiveCfg = Release|Any CPU
		{4B8E746E-A4B8-4F10-92C6-7F78C2665025}.Any CPU|x64.Build.0 = Release|Any CPU
		{4B8E746E-A4B8-4F10-92C6-7F78C2665025}.Any CPU|x86.ActiveCfg = Release|Any CPU
		{4B8E746E-A4B8-4F10-92C6-7F78C2665025}.Any CPU|x86.Build.0 = Release|Any CPU
		{4B8E746E-A4B8-4F10-92C6-7F78C2665025}.Debug|Any CPU.ActiveCfg = Debug|Any CPU
		{4B8E746E-A4B8-4F10-92C6-7F78C2665025}.Debug|Any CPU.Build.0 = Debug|Any CPU
		{4B8E746E-A4B8-4F10-92C6-7F78C2665025}.Debug|ARM.ActiveCfg = Debug|Any CPU
		{4B8E746E-A4B8-4F10-92C6-7F78C2665025}.Debug|ARM.Build.0 = Debug|Any CPU
		{4B8E746E-A4B8-4F10-92C6-7F78C2665025}.Debug|x64.ActiveCfg = Debug|Any CPU
		{4B8E746E-A4B8-4F10-92C6-7F78C2665025}.Debug|x64.Build.0 = Debug|Any CPU
		{4B8E746E-A4B8-4F10-92C6-7F78C2665025}.Debug|x86.ActiveCfg = Debug|Any CPU
		{4B8E746E-A4B8-4F10-92C6-7F78C2665025}.Debug|x86.Build.0 = Debug|Any CPU
		{4B8E746E-A4B8-4F10-92C6-7F78C2665025}.Native|Any CPU.ActiveCfg = Native|Any CPU
		{4B8E746E-A4B8-4F10-92C6-7F78C2665025}.Native|Any CPU.Build.0 = Native|Any CPU
		{4B8E746E-A4B8-4F10-92C6-7F78C2665025}.Native|ARM.ActiveCfg = Native|Any CPU
		{4B8E746E-A4B8-4F10-92C6-7F78C2665025}.Native|ARM.Build.0 = Native|Any CPU
		{4B8E746E-A4B8-4F10-92C6-7F78C2665025}.Native|x64.ActiveCfg = Native|Any CPU
		{4B8E746E-A4B8-4F10-92C6-7F78C2665025}.Native|x64.Build.0 = Native|Any CPU
		{4B8E746E-A4B8-4F10-92C6-7F78C2665025}.Native|x86.ActiveCfg = Native|Any CPU
		{4B8E746E-A4B8-4F10-92C6-7F78C2665025}.Native|x86.Build.0 = Native|Any CPU
		{4B8E746E-A4B8-4F10-92C6-7F78C2665025}.Release|Any CPU.ActiveCfg = Release|Any CPU
		{4B8E746E-A4B8-4F10-92C6-7F78C2665025}.Release|Any CPU.Build.0 = Release|Any CPU
		{4B8E746E-A4B8-4F10-92C6-7F78C2665025}.Release|ARM.ActiveCfg = Release|Any CPU
		{4B8E746E-A4B8-4F10-92C6-7F78C2665025}.Release|ARM.Build.0 = Release|Any CPU
		{4B8E746E-A4B8-4F10-92C6-7F78C2665025}.Release|x64.ActiveCfg = Release|Any CPU
		{4B8E746E-A4B8-4F10-92C6-7F78C2665025}.Release|x64.Build.0 = Release|Any CPU
		{4B8E746E-A4B8-4F10-92C6-7F78C2665025}.Release|x86.ActiveCfg = Release|Any CPU
		{4B8E746E-A4B8-4F10-92C6-7F78C2665025}.Release|x86.Build.0 = Release|Any CPU
		{136AFDDC-F08C-47C2-B415-7145EF52CD12}.Any CPU|Any CPU.ActiveCfg = Release|x86
		{136AFDDC-F08C-47C2-B415-7145EF52CD12}.Any CPU|Any CPU.Build.0 = Release|x86
		{136AFDDC-F08C-47C2-B415-7145EF52CD12}.Any CPU|Any CPU.Deploy.0 = Release|x86
		{136AFDDC-F08C-47C2-B415-7145EF52CD12}.Any CPU|ARM.ActiveCfg = Release|ARM
		{136AFDDC-F08C-47C2-B415-7145EF52CD12}.Any CPU|ARM.Build.0 = Release|ARM
		{136AFDDC-F08C-47C2-B415-7145EF52CD12}.Any CPU|ARM.Deploy.0 = Release|ARM
		{136AFDDC-F08C-47C2-B415-7145EF52CD12}.Any CPU|x64.ActiveCfg = Release|x64
		{136AFDDC-F08C-47C2-B415-7145EF52CD12}.Any CPU|x64.Build.0 = Release|x64
		{136AFDDC-F08C-47C2-B415-7145EF52CD12}.Any CPU|x64.Deploy.0 = Release|x64
		{136AFDDC-F08C-47C2-B415-7145EF52CD12}.Any CPU|x86.ActiveCfg = Release|x86
		{136AFDDC-F08C-47C2-B415-7145EF52CD12}.Any CPU|x86.Build.0 = Release|x86
		{136AFDDC-F08C-47C2-B415-7145EF52CD12}.Any CPU|x86.Deploy.0 = Release|x86
		{136AFDDC-F08C-47C2-B415-7145EF52CD12}.Debug|Any CPU.ActiveCfg = Debug|x86
		{136AFDDC-F08C-47C2-B415-7145EF52CD12}.Debug|Any CPU.Build.0 = Debug|x86
		{136AFDDC-F08C-47C2-B415-7145EF52CD12}.Debug|Any CPU.Deploy.0 = Debug|x86
		{136AFDDC-F08C-47C2-B415-7145EF52CD12}.Debug|ARM.ActiveCfg = Debug|ARM
		{136AFDDC-F08C-47C2-B415-7145EF52CD12}.Debug|ARM.Build.0 = Debug|ARM
		{136AFDDC-F08C-47C2-B415-7145EF52CD12}.Debug|ARM.Deploy.0 = Debug|ARM
		{136AFDDC-F08C-47C2-B415-7145EF52CD12}.Debug|x64.ActiveCfg = Debug|x64
		{136AFDDC-F08C-47C2-B415-7145EF52CD12}.Debug|x64.Build.0 = Debug|x64
		{136AFDDC-F08C-47C2-B415-7145EF52CD12}.Debug|x64.Deploy.0 = Debug|x64
		{136AFDDC-F08C-47C2-B415-7145EF52CD12}.Debug|x86.ActiveCfg = Debug|x86
		{136AFDDC-F08C-47C2-B415-7145EF52CD12}.Debug|x86.Build.0 = Debug|x86
		{136AFDDC-F08C-47C2-B415-7145EF52CD12}.Debug|x86.Deploy.0 = Debug|x86
		{136AFDDC-F08C-47C2-B415-7145EF52CD12}.Native|Any CPU.ActiveCfg = Release|x64
		{136AFDDC-F08C-47C2-B415-7145EF52CD12}.Native|Any CPU.Build.0 = Release|x64
		{136AFDDC-F08C-47C2-B415-7145EF52CD12}.Native|Any CPU.Deploy.0 = Release|x64
		{136AFDDC-F08C-47C2-B415-7145EF52CD12}.Native|ARM.ActiveCfg = Release|ARM
		{136AFDDC-F08C-47C2-B415-7145EF52CD12}.Native|ARM.Build.0 = Release|ARM
		{136AFDDC-F08C-47C2-B415-7145EF52CD12}.Native|ARM.Deploy.0 = Release|ARM
		{136AFDDC-F08C-47C2-B415-7145EF52CD12}.Native|x64.ActiveCfg = Release|x64
		{136AFDDC-F08C-47C2-B415-7145EF52CD12}.Native|x64.Build.0 = Release|x64
		{136AFDDC-F08C-47C2-B415-7145EF52CD12}.Native|x64.Deploy.0 = Release|x64
		{136AFDDC-F08C-47C2-B415-7145EF52CD12}.Native|x86.ActiveCfg = Release|x86
		{136AFDDC-F08C-47C2-B415-7145EF52CD12}.Native|x86.Build.0 = Release|x86
		{136AFDDC-F08C-47C2-B415-7145EF52CD12}.Native|x86.Deploy.0 = Release|x86
		{136AFDDC-F08C-47C2-B415-7145EF52CD12}.Release|Any CPU.ActiveCfg = Release|x86
		{136AFDDC-F08C-47C2-B415-7145EF52CD12}.Release|Any CPU.Build.0 = Release|x86
		{136AFDDC-F08C-47C2-B415-7145EF52CD12}.Release|Any CPU.Deploy.0 = Release|x86
		{136AFDDC-F08C-47C2-B415-7145EF52CD12}.Release|ARM.ActiveCfg = Release|ARM
		{136AFDDC-F08C-47C2-B415-7145EF52CD12}.Release|ARM.Build.0 = Release|ARM
		{136AFDDC-F08C-47C2-B415-7145EF52CD12}.Release|ARM.Deploy.0 = Release|ARM
		{136AFDDC-F08C-47C2-B415-7145EF52CD12}.Release|x64.ActiveCfg = Release|x64
		{136AFDDC-F08C-47C2-B415-7145EF52CD12}.Release|x64.Build.0 = Release|x64
		{136AFDDC-F08C-47C2-B415-7145EF52CD12}.Release|x64.Deploy.0 = Release|x64
		{136AFDDC-F08C-47C2-B415-7145EF52CD12}.Release|x86.ActiveCfg = Release|x86
		{136AFDDC-F08C-47C2-B415-7145EF52CD12}.Release|x86.Build.0 = Release|x86
		{136AFDDC-F08C-47C2-B415-7145EF52CD12}.Release|x86.Deploy.0 = Release|x86
		{BB5CA5DB-4A55-4334-B668-A90A7CA27BC3}.Any CPU|Any CPU.ActiveCfg = Release|Any CPU
		{BB5CA5DB-4A55-4334-B668-A90A7CA27BC3}.Any CPU|Any CPU.Build.0 = Release|Any CPU
		{BB5CA5DB-4A55-4334-B668-A90A7CA27BC3}.Any CPU|ARM.ActiveCfg = Release|ARM
		{BB5CA5DB-4A55-4334-B668-A90A7CA27BC3}.Any CPU|ARM.Build.0 = Release|ARM
		{BB5CA5DB-4A55-4334-B668-A90A7CA27BC3}.Any CPU|x64.ActiveCfg = Release|x64
		{BB5CA5DB-4A55-4334-B668-A90A7CA27BC3}.Any CPU|x64.Build.0 = Release|x64
		{BB5CA5DB-4A55-4334-B668-A90A7CA27BC3}.Any CPU|x86.ActiveCfg = Release|x86
		{BB5CA5DB-4A55-4334-B668-A90A7CA27BC3}.Any CPU|x86.Build.0 = Release|x86
		{BB5CA5DB-4A55-4334-B668-A90A7CA27BC3}.Debug|Any CPU.ActiveCfg = Debug|Any CPU
		{BB5CA5DB-4A55-4334-B668-A90A7CA27BC3}.Debug|Any CPU.Build.0 = Debug|Any CPU
		{BB5CA5DB-4A55-4334-B668-A90A7CA27BC3}.Debug|ARM.ActiveCfg = Debug|ARM
		{BB5CA5DB-4A55-4334-B668-A90A7CA27BC3}.Debug|ARM.Build.0 = Debug|ARM
		{BB5CA5DB-4A55-4334-B668-A90A7CA27BC3}.Debug|x64.ActiveCfg = Debug|x64
		{BB5CA5DB-4A55-4334-B668-A90A7CA27BC3}.Debug|x64.Build.0 = Debug|x64
		{BB5CA5DB-4A55-4334-B668-A90A7CA27BC3}.Debug|x86.ActiveCfg = Debug|x86
		{BB5CA5DB-4A55-4334-B668-A90A7CA27BC3}.Debug|x86.Build.0 = Debug|x86
		{BB5CA5DB-4A55-4334-B668-A90A7CA27BC3}.Native|Any CPU.ActiveCfg = Release|Any CPU
		{BB5CA5DB-4A55-4334-B668-A90A7CA27BC3}.Native|Any CPU.Build.0 = Release|Any CPU
		{BB5CA5DB-4A55-4334-B668-A90A7CA27BC3}.Native|ARM.ActiveCfg = Release|ARM
		{BB5CA5DB-4A55-4334-B668-A90A7CA27BC3}.Native|ARM.Build.0 = Release|ARM
		{BB5CA5DB-4A55-4334-B668-A90A7CA27BC3}.Native|x64.ActiveCfg = Release|x64
		{BB5CA5DB-4A55-4334-B668-A90A7CA27BC3}.Native|x64.Build.0 = Release|x64
		{BB5CA5DB-4A55-4334-B668-A90A7CA27BC3}.Native|x86.ActiveCfg = Release|x86
		{BB5CA5DB-4A55-4334-B668-A90A7CA27BC3}.Native|x86.Build.0 = Release|x86
		{BB5CA5DB-4A55-4334-B668-A90A7CA27BC3}.Release|Any CPU.ActiveCfg = Release|Any CPU
		{BB5CA5DB-4A55-4334-B668-A90A7CA27BC3}.Release|Any CPU.Build.0 = Release|Any CPU
		{BB5CA5DB-4A55-4334-B668-A90A7CA27BC3}.Release|ARM.ActiveCfg = Release|ARM
		{BB5CA5DB-4A55-4334-B668-A90A7CA27BC3}.Release|ARM.Build.0 = Release|ARM
		{BB5CA5DB-4A55-4334-B668-A90A7CA27BC3}.Release|x64.ActiveCfg = Release|x64
		{BB5CA5DB-4A55-4334-B668-A90A7CA27BC3}.Release|x64.Build.0 = Release|x64
		{BB5CA5DB-4A55-4334-B668-A90A7CA27BC3}.Release|x86.ActiveCfg = Release|x86
		{BB5CA5DB-4A55-4334-B668-A90A7CA27BC3}.Release|x86.Build.0 = Release|x86
		{A7315069-9983-4EDA-AF88-77742A7498E7}.Any CPU|Any CPU.ActiveCfg = Native|Any CPU
		{A7315069-9983-4EDA-AF88-77742A7498E7}.Any CPU|Any CPU.Build.0 = Native|Any CPU
		{A7315069-9983-4EDA-AF88-77742A7498E7}.Any CPU|ARM.ActiveCfg = Native|Any CPU
		{A7315069-9983-4EDA-AF88-77742A7498E7}.Any CPU|ARM.Build.0 = Native|Any CPU
		{A7315069-9983-4EDA-AF88-77742A7498E7}.Any CPU|x64.ActiveCfg = Native|Any CPU
		{A7315069-9983-4EDA-AF88-77742A7498E7}.Any CPU|x64.Build.0 = Native|Any CPU
		{A7315069-9983-4EDA-AF88-77742A7498E7}.Any CPU|x86.ActiveCfg = Native|Any CPU
		{A7315069-9983-4EDA-AF88-77742A7498E7}.Any CPU|x86.Build.0 = Native|Any CPU
		{A7315069-9983-4EDA-AF88-77742A7498E7}.Debug|Any CPU.ActiveCfg = Debug|Any CPU
		{A7315069-9983-4EDA-AF88-77742A7498E7}.Debug|Any CPU.Build.0 = Debug|Any CPU
		{A7315069-9983-4EDA-AF88-77742A7498E7}.Debug|ARM.ActiveCfg = Debug|Any CPU
		{A7315069-9983-4EDA-AF88-77742A7498E7}.Debug|ARM.Build.0 = Debug|Any CPU
		{A7315069-9983-4EDA-AF88-77742A7498E7}.Debug|x64.ActiveCfg = Debug|Any CPU
		{A7315069-9983-4EDA-AF88-77742A7498E7}.Debug|x64.Build.0 = Debug|Any CPU
		{A7315069-9983-4EDA-AF88-77742A7498E7}.Debug|x86.ActiveCfg = Debug|Any CPU
		{A7315069-9983-4EDA-AF88-77742A7498E7}.Debug|x86.Build.0 = Debug|Any CPU
		{A7315069-9983-4EDA-AF88-77742A7498E7}.Native|Any CPU.ActiveCfg = Native|Any CPU
		{A7315069-9983-4EDA-AF88-77742A7498E7}.Native|Any CPU.Build.0 = Native|Any CPU
		{A7315069-9983-4EDA-AF88-77742A7498E7}.Native|ARM.ActiveCfg = Native|Any CPU
		{A7315069-9983-4EDA-AF88-77742A7498E7}.Native|ARM.Build.0 = Native|Any CPU
		{A7315069-9983-4EDA-AF88-77742A7498E7}.Native|x64.ActiveCfg = Native|Any CPU
		{A7315069-9983-4EDA-AF88-77742A7498E7}.Native|x64.Build.0 = Native|Any CPU
		{A7315069-9983-4EDA-AF88-77742A7498E7}.Native|x86.ActiveCfg = Native|Any CPU
		{A7315069-9983-4EDA-AF88-77742A7498E7}.Native|x86.Build.0 = Native|Any CPU
		{A7315069-9983-4EDA-AF88-77742A7498E7}.Release|Any CPU.ActiveCfg = Release|Any CPU
		{A7315069-9983-4EDA-AF88-77742A7498E7}.Release|Any CPU.Build.0 = Release|Any CPU
		{A7315069-9983-4EDA-AF88-77742A7498E7}.Release|ARM.ActiveCfg = Release|Any CPU
		{A7315069-9983-4EDA-AF88-77742A7498E7}.Release|ARM.Build.0 = Release|Any CPU
		{A7315069-9983-4EDA-AF88-77742A7498E7}.Release|x64.ActiveCfg = Release|Any CPU
		{A7315069-9983-4EDA-AF88-77742A7498E7}.Release|x64.Build.0 = Release|Any CPU
		{A7315069-9983-4EDA-AF88-77742A7498E7}.Release|x86.ActiveCfg = Release|Any CPU
		{A7315069-9983-4EDA-AF88-77742A7498E7}.Release|x86.Build.0 = Release|Any CPU
	EndGlobalSection
	GlobalSection(SolutionProperties) = preSolution
		HideSolutionNode = FALSE
	EndGlobalSection
	GlobalSection(NestedProjects) = preSolution
		{27FF1C81-7DF4-4A68-B169-A4F8BC9BC2D3} = {E415C343-4FD0-4812-BC40-58EE37DDC0B7}
		{4B8E746E-A4B8-4F10-92C6-7F78C2665025} = {649F2989-3C9B-47BA-81AE-B38C830D75CA}
		{136AFDDC-F08C-47C2-B415-7145EF52CD12} = {649F2989-3C9B-47BA-81AE-B38C830D75CA}
		{BB5CA5DB-4A55-4334-B668-A90A7CA27BC3} = {A0D24CE1-EE2E-4FEE-9283-5DB396FC682A}
		{A7315069-9983-4EDA-AF88-77742A7498E7} = {A0D24CE1-EE2E-4FEE-9283-5DB396FC682A}
	EndGlobalSection
	GlobalSection(ExtensibilityGlobals) = postSolution
		SolutionGuid = {85423B19-B28E-4CAA-883A-47EA9B6BCEF4}
	EndGlobalSection
EndGlobal
